
Microsoft Visual Studio Solution File, Format Version 12.00
# Visual Studio Version 16
VisualStudioVersion = 16.0.30804.86
MinimumVisualStudioVersion = 10.0.40219.1
Project("{F184B08F-C81C-45F6-A57F-5ABD9991F28F}") = "Client", "Client\Client.vbproj", "{A61D9A84-2E67-40D0-91B4-4F2BF6A9B929}"
EndProject
Project("{F184B08F-C81C-45F6-A57F-5ABD9991F28F}") = "Server", "Server\Server.vbproj", "{3D1719A9-9815-4B84-AAF0-527B8164DD99}"
EndProject
Global
	GlobalSection(SolutionConfigurationPlatforms) = preSolution
		Debug|Any CPU = Debug|Any CPU
		Release|Any CPU = Release|Any CPU
	EndGlobalSection
	GlobalSection(ProjectConfigurationPlatforms) = postSolution
		{A61D9A84-2E67-40D0-91B4-4F2BF6A9B929}.Debug|Any CPU.ActiveCfg = Debug|Any CPU
		{A61D9A84-2E67-40D0-91B4-4F2BF6A9B929}.Debug|Any CPU.Build.0 = Debug|Any CPU
		{A61D9A84-2E67-40D0-91B4-4F2BF6A9B929}.Release|Any CPU.ActiveCfg = Release|Any CPU
		{A61D9A84-2E67-40D0-91B4-4F2BF6A9B929}.Release|Any CPU.Build.0 = Release|Any CPU
		{3D1719A9-9815-4B84-AAF0-527B8164DD99}.Debug|Any CPU.ActiveCfg = Debug|Any CPU
		{3D1719A9-9815-4B84-AAF0-527B8164DD99}.Debug|Any CPU.Build.0 = Debug|Any CPU
		{3D1719A9-9815-4B84-AAF0-527B8164DD99}.Release|Any CPU.ActiveCfg = Release|Any CPU
		{3D1719A9-9815-4B84-AAF0-527B8164DD99}.Release|Any CPU.Build.0 = Release|Any CPU
	EndGlobalSection
	GlobalSection(SolutionProperties) = preSolution
		HideSolutionNode = FALSE
	EndGlobalSection
	GlobalSection(ExtensibilityGlobals) = postSolution
		SolutionGuid = {A6EDED6F-B713-4760-A6E3-AEA590EDDF0E}
	EndGlobalSection
EndGlobal
